<?xml version="1.0" encoding="utf-8"?>
<Project ToolsVersion="4.0" xmlns="http://schemas.microsoft.com/developer/msbuild/2003">
  <ItemGroup>
    <Filter Include="Source Files">
      <UniqueIdentifier>{4FC737F1-C7A5-4376-A066-2A32D752A2FF}</UniqueIdentifier>
      <Extensions>cpp;c;cc;cxx;def;odl;idl;hpj;bat;asm;asmx</Extensions>
    </Filter>
    <Filter Include="Header Files">
      <UniqueIdentifier>{93995380-89BD-4b04-88EB-625FBE52EBFB}</UniqueIdentifier>
      <Extensions>h;hh;hpp;hxx;hm;inl;inc;ipp;xsd</Extensions>
    </Filter>
    <Filter Include="Header Files\GUI">
      <UniqueIdentifier>{be807a1f-b145-4208-9143-b09e0d854fb4}</UniqueIdentifier>
    </Filter>
    <Filter Include="Header Files\bits">
      <UniqueIdentifier>{90557f11-b762-4143-aaac-22c7ee3637a1}</UniqueIdentifier>
    </Filter>
    <Filter Include="Source Files\GUI">
      <UniqueIdentifier>{730cd25d-0d31-4e2c-b167-f4589273a657}</UniqueIdentifier>
    </Filter>
    <Filter Include="Resource Files">
      <UniqueIdentifier>{67DA6AB6-F800-4c08-8B7A-83BB121AAD01}</UniqueIdentifier>
      <Extensions>rc;ico;cur;bmp;dlg;rc2;rct;bin;rgs;gif;jpg;jpeg;jpe;resx;tiff;tif;png;wav;mfcribbon-ms</Extensions>
    </Filter>
    <Filter Include="Source Files\bits">
      <UniqueIdentifier>{7dba530e-8fd9-4a2f-b3df-ef0a81f9b512}</UniqueIdentifier>
    </Filter>
  </ItemGroup>
  <ItemGroup>
    <ClCompile Include="ASCIIEngine.cpp">
      <Filter>Source Files</Filter>
    </ClCompile>
    <ClCompile Include="Encounter.cpp">
      <Filter>Source Files</Filter>
    </ClCompile>
    <ClCompile Include="Characters.cpp">
      <Filter>Source Files</Filter>
    </ClCompile>
    <ClCompile Include="EncounterLayout.cpp">
      <Filter>Source Files</Filter>
    </ClCompile>
    <ClCompile Include="EncounterBrain.cpp">
      <Filter>Source Files</Filter>
    </ClCompile>
    <ClCompile Include="Narration.cpp">
      <Filter>Source Files</Filter>
    </ClCompile>
    <ClCompile Include="Scripts.cpp">
      <Filter>Source Files</Filter>
    </ClCompile>
    <ClCompile Include="AvatarCollection.cpp">
      <Filter>Source Files</Filter>
    </ClCompile>
    <ClCompile Include="Player.cpp">
      <Filter>Source Files</Filter>
    </ClCompile>
    <ClCompile Include="engine\Animator.cpp">
      <Filter>Source Files</Filter>
    </ClCompile>
    <ClCompile Include="engine\AnimatorTable.cpp">
      <Filter>Source Files</Filter>
    </ClCompile>
    <ClCompile Include="engine\AudioManager.cpp">
      <Filter>Source Files</Filter>
    </ClCompile>
    <ClCompile Include="engine\AudioWorldEmitter.cpp">
      <Filter>Source Files</Filter>
    </ClCompile>
    <ClCompile Include="engine\Colors.cpp">
      <Filter>Source Files</Filter>
    </ClCompile>
    <ClCompile Include="engine\ConsoleRenderer.cpp">
      <Filter>Source Files</Filter>
    </ClCompile>
    <ClCompile Include="engine\consolewizard.cpp">
      <Filter>Source Files</Filter>
    </ClCompile>
    <ClCompile Include="engine\Controller.cpp">
      <Filter>Source Files</Filter>
    </ClCompile>
    <ClCompile Include="engine\ControllerManager.cpp">
      <Filter>Source Files</Filter>
    </ClCompile>
    <ClCompile Include="engine\Debugger.cpp">
      <Filter>Source Files</Filter>
    </ClCompile>
    <ClCompile Include="engine\DisjointSetUnion.cpp">
      <Filter>Source Files</Filter>
    </ClCompile>
    <ClCompile Include="engine\GarbageTruck.cpp">
      <Filter>Source Files</Filter>
    </ClCompile>
    <ClCompile Include="engine\GodClass.cpp">
      <Filter>Source Files</Filter>
    </ClCompile>
    <ClCompile Include="engine\InmutableRenderer.cpp">
      <Filter>Source Files</Filter>
    </ClCompile>
    <ClCompile Include="engine\Menu.cpp">
      <Filter>Source Files</Filter>
    </ClCompile>
    <ClCompile Include="engine\ScreenObject.cpp">
      <Filter>Source Files</Filter>
    </ClCompile>
    <ClCompile Include="engine\ScreenObjectTable.cpp">
      <Filter>Source Files</Filter>
    </ClCompile>
    <ClCompile Include="engine\stdc++.cpp">
      <Filter>Source Files</Filter>
    </ClCompile>
    <ClCompile Include="engine\Timer.cpp">
      <Filter>Source Files</Filter>
    </ClCompile>
    <ClCompile Include="engine\VisualObject.cpp">
      <Filter>Source Files</Filter>
    </ClCompile>
    <ClCompile Include="engine\Windows.cpp">
      <Filter>Source Files</Filter>
    </ClCompile>
    <ClCompile Include="engine\PrimitiveObject.cpp">
      <Filter>Source Files</Filter>
    </ClCompile>
    <ClCompile Include="MainMenu.cpp">
      <Filter>Source Files</Filter>
    </ClCompile>
  </ItemGroup>
  <ItemGroup>
    <ClInclude Include="Encounter.h">
      <Filter>Header Files</Filter>
    </ClInclude>
    <ClInclude Include="Characters.h">
      <Filter>Header Files</Filter>
    </ClInclude>
    <ClInclude Include="Behaviours.h">
      <Filter>Header Files</Filter>
    </ClInclude>
    <ClInclude Include="EncounterLayout.h">
      <Filter>Header Files</Filter>
    </ClInclude>
    <ClInclude Include="EncounterBrain.h">
      <Filter>Header Files</Filter>
    </ClInclude>
    <ClInclude Include="Narration.h">
      <Filter>Header Files</Filter>
    </ClInclude>
    <ClInclude Include="Scripts.h">
      <Filter>Header Files</Filter>
    </ClInclude>
    <ClInclude Include="AvatarCollection.h">
      <Filter>Header Files</Filter>
    </ClInclude>
    <ClInclude Include="Player.h">
      <Filter>Header Files</Filter>
    </ClInclude>
    <ClInclude Include="engine\Animator.h">
      <Filter>Header Files</Filter>
    </ClInclude>
    <ClInclude Include="engine\AnimatorTable.h">
      <Filter>Header Files</Filter>
    </ClInclude>
    <ClInclude Include="engine\AudioManager.h">
      <Filter>Header Files</Filter>
    </ClInclude>
    <ClInclude Include="engine\AudioWorldEmitter.h">
      <Filter>Header Files</Filter>
    </ClInclude>
    <ClInclude Include="engine\Colors.h">
      <Filter>Header Files</Filter>
    </ClInclude>
    <ClInclude Include="engine\ConsoleRenderer.h">
      <Filter>Header Files</Filter>
    </ClInclude>
    <ClInclude Include="engine\consolewizard.h">
      <Filter>Header Files</Filter>
    </ClInclude>
    <ClInclude Include="engine\Controller.h">
      <Filter>Header Files</Filter>
    </ClInclude>
    <ClInclude Include="engine\ControllerManager.h">
      <Filter>Header Files</Filter>
    </ClInclude>
    <ClInclude Include="engine\Debugger.h">
      <Filter>Header Files</Filter>
    </ClInclude>
    <ClInclude Include="engine\Delegates.h">
      <Filter>Header Files</Filter>
    </ClInclude>
    <ClInclude Include="engine\DisjointSetUnion.h">
      <Filter>Header Files</Filter>
    </ClInclude>
    <ClInclude Include="engine\GarbageTruck.h">
      <Filter>Header Files</Filter>
    </ClInclude>
    <ClInclude Include="engine\GodClass.h">
      <Filter>Header Files</Filter>
    </ClInclude>
    <ClInclude Include="engine\InmutableRenderer.h">
      <Filter>Header Files</Filter>
    </ClInclude>
    <ClInclude Include="engine\Menu.h">
      <Filter>Header Files</Filter>
    </ClInclude>
    <ClInclude Include="engine\PrimitiveObject.h">
      <Filter>Header Files</Filter>
    </ClInclude>
    <ClInclude Include="engine\ScreenObject.h">
      <Filter>Header Files</Filter>
    </ClInclude>
    <ClInclude Include="engine\ScreenObjectTable.h">
      <Filter>Header Files</Filter>
    </ClInclude>
    <ClInclude Include="engine\stdc++.h">
      <Filter>Header Files</Filter>
    </ClInclude>
    <ClInclude Include="engine\Timer.h">
      <Filter>Header Files</Filter>
    </ClInclude>
    <ClInclude Include="engine\VisualObject.h">
      <Filter>Header Files</Filter>
    </ClInclude>
    <ClInclude Include="engine\Windows.h">
      <Filter>Header Files</Filter>
    </ClInclude>
    <ClInclude Include="MainMenu.h">
      <Filter>Header Files</Filter>
    </ClInclude>
  </ItemGroup>
  <ItemGroup>
    <None Include="ASCIIEngine.exe" />
  </ItemGroup>
</Project>